<Solution>
  <Project Path="ejercicio1/ejercicio1.csproj" Id="1153cf06-3784-4f63-8382-d42a6a2dbd64" />
  <Project Path="ejercicio10/ejercicio10.csproj" Id="ef525455-bedf-4a84-8e96-8c4f45a88f72" />
  <Project Path="ejercicio2/ejercicio2.csproj" Id="feb0ea40-a132-4fcd-90c3-830a6aec5b65" />
  <Project Path="ejercicio3/ejercicio3.csproj" Id="e7ea2582-818c-4f9d-b395-f39d646518f9" />
  <Project Path="ejercicio4/ejercicio4.csproj" Id="a462dbb9-186b-4036-8ba6-278406bb6087" />
  <Project Path="ejercicio5/ejercicio5.csproj" Id="bf2883b6-ff12-4be0-8384-dc292a971abc" />
  <Project Path="ejercicio6/ejercicio6.csproj" Id="45c26c67-4e33-404d-a59c-3cf7c42aa7ff" />
  <Project Path="ejercicio7/ejercicio7.csproj" Id="9220e904-2470-4014-b208-2655294026af" />
  <Project Path="ejercicio8/ejercicio8.csproj" Id="7b962e17-b4bf-4452-aa3a-d68bc1ccfe45" />
  <Project Path="ejercicio9/ejercicio9.csproj" Id="89eebd01-34ba-4223-b4c5-ffabb8b097ce" />
</Solution>
