<Solution>
  <Project Path="ejercicio1/ejercicio1.csproj" Id="588f252c-ecec-4fdb-854e-b991085b323c" />
  <Project Path="Ejercicio2/Ejercicio2.csproj" Id="710532fd-6fef-420d-b4fd-efd53bb18992" />
  <Project Path="ejercicio3/ejercicio3.csproj" Id="d8947908-5de1-40fe-94f3-f82b914e7627" />
  <Project Path="ejercicio4/ejercicio4.csproj" Id="2351bdd9-be9d-4972-9f18-4b7f7c30031c" />
  <Project Path="ejercicio5/ejercicio5.csproj" Id="4eb4a162-739f-4aff-89a0-eebc3d3df79d" />
  <Project Path="ejercicio6/ejercicio6.csproj" Id="f7f0286d-9ee9-434c-bdf5-5636f620655c" />
  <Project Path="jercicio7/ejercicio7.csproj" Id="04c05171-eefa-4320-b9c5-1120a893b0bb" />
</Solution>
